{
  "name": "gymlog-app",
  "version": "1.0.0",
  "lockfileVersion": 3,
  "requires": true,
  "packages": {
    "": {
      "name": "gymlog-app",
      "version": "1.0.0",
      "license": "MIT",
      "dependencies": {
        "gymlog-core": "file:gymlog-core",
        "ui": "file:ui"
      }
    },
    "gymlog-core": {
      "version": "1.0.0",
      "license": "ISC"
    },
    "node_modules/gymlog-core": {
      "resolved": "gymlog-core",
      "link": true
    },
    "node_modules/ui": {
      "resolved": "ui",
      "link": true
    },
    "ui": {
      "version": "1.0.0",
      "license": "MIT",
      "dependencies": {
        "gymlog-core": "file:../gymlog-core"
      }
    }
  }
}
